// !$*UTF8*$!
{
	archiveVersion = 1;
	classes = {
	};
	objectVersion = 48;
	objects = {

/* Begin PBXBuildFile section */
		538F9E8C200A2B41006B3A28 /* DemoRealmController.swift in Sources */ = {isa = PBXBuildFile; fileRef = 538F9E8B200A2B41006B3A28 /* DemoRealmController.swift */; };
		538F9E8E200A2D9C006B3A28 /* SettingCell.swift in Sources */ = {isa = PBXBuildFile; fileRef = 538F9E8D200A2D9C006B3A28 /* SettingCell.swift */; };
		538F9E90200A2DDE006B3A28 /* SettingNode.swift in Sources */ = {isa = PBXBuildFile; fileRef = 538F9E8F200A2DDE006B3A28 /* SettingNode.swift */; };
		A466CFF86FB13BD221AC4E61 /* Pods_ttt.framework in Frameworks */ = {isa = PBXBuildFile; fileRef = 35E6648AED6BA9FF1A44C2BE /* Pods_ttt.framework */; };
		D958F7892008694200E3F0C5 /* MMFetchRealm.swift in Sources */ = {isa = PBXBuildFile; fileRef = D958F7842008694200E3F0C5 /* MMFetchRealm.swift */; };
		D958F78A2008694200E3F0C5 /* MMFetchList.swift in Sources */ = {isa = PBXBuildFile; fileRef = D958F7852008694200E3F0C5 /* MMFetchList.swift */; };
		D958F78C2008694200E3F0C5 /* MMUIController.swift in Sources */ = {isa = PBXBuildFile; fileRef = D958F7872008694200E3F0C5 /* MMUIController.swift */; };
		D958F78D2008694200E3F0C5 /* MMFetchsController.swift in Sources */ = {isa = PBXBuildFile; fileRef = D958F7882008694200E3F0C5 /* MMFetchsController.swift */; };
		D958F78F2008694900E3F0C5 /* DemoListController.swift in Sources */ = {isa = PBXBuildFile; fileRef = D958F78E2008694900E3F0C5 /* DemoListController.swift */; };
		D9917D2A20089F56003682AD /* Dog.swift in Sources */ = {isa = PBXBuildFile; fileRef = D9917D2920089F56003682AD /* Dog.swift */; };
		D9917D2C2008AF73003682AD /* DogCell.swift in Sources */ = {isa = PBXBuildFile; fileRef = D9917D2B2008AF73003682AD /* DogCell.swift */; };
		D9FDDBB42008672200A88631 /* AppDelegate.swift in Sources */ = {isa = PBXBuildFile; fileRef = D9FDDBB32008672200A88631 /* AppDelegate.swift */; };
		D9FDDBB62008672200A88631 /* ViewController.swift in Sources */ = {isa = PBXBuildFile; fileRef = D9FDDBB52008672200A88631 /* ViewController.swift */; };
		D9FDDBB92008672200A88631 /* Main.storyboard in Resources */ = {isa = PBXBuildFile; fileRef = D9FDDBB72008672200A88631 /* Main.storyboard */; };
		D9FDDBBB2008672200A88631 /* Assets.xcassets in Resources */ = {isa = PBXBuildFile; fileRef = D9FDDBBA2008672200A88631 /* Assets.xcassets */; };
		D9FDDBBE2008672200A88631 /* LaunchScreen.storyboard in Resources */ = {isa = PBXBuildFile; fileRef = D9FDDBBC2008672200A88631 /* LaunchScreen.storyboard */; };
/* End PBXBuildFile section */

/* Begin PBXFileReference section */
		358FAD53CC2AD532340D1967 /* Pods-ttt.release.xcconfig */ = {isa = PBXFileReference; includeInIndex = 1; lastKnownFileType = text.xcconfig; name = "Pods-ttt.release.xcconfig"; path = "Pods/Target Support Files/Pods-ttt/Pods-ttt.release.xcconfig"; sourceTree = "<group>"; };
		35E6648AED6BA9FF1A44C2BE /* Pods_ttt.framework */ = {isa = PBXFileReference; explicitFileType = wrapper.framework; includeInIndex = 0; path = Pods_ttt.framework; sourceTree = BUILT_PRODUCTS_DIR; };
		538F9E8B200A2B41006B3A28 /* DemoRealmController.swift */ = {isa = PBXFileReference; lastKnownFileType = sourcecode.swift; path = DemoRealmController.swift; sourceTree = "<group>"; };
		538F9E8D200A2D9C006B3A28 /* SettingCell.swift */ = {isa = PBXFileReference; lastKnownFileType = sourcecode.swift; path = SettingCell.swift; sourceTree = "<group>"; };
		538F9E8F200A2DDE006B3A28 /* SettingNode.swift */ = {isa = PBXFileReference; lastKnownFileType = sourcecode.swift; path = SettingNode.swift; sourceTree = "<group>"; };
		91BE48983675DDBC97B96407 /* Pods-ttt.debug.xcconfig */ = {isa = PBXFileReference; includeInIndex = 1; lastKnownFileType = text.xcconfig; name = "Pods-ttt.debug.xcconfig"; path = "Pods/Target Support Files/Pods-ttt/Pods-ttt.debug.xcconfig"; sourceTree = "<group>"; };
		D958F7842008694200E3F0C5 /* MMFetchRealm.swift */ = {isa = PBXFileReference; fileEncoding = 4; lastKnownFileType = sourcecode.swift; path = MMFetchRealm.swift; sourceTree = "<group>"; };
		D958F7852008694200E3F0C5 /* MMFetchList.swift */ = {isa = PBXFileReference; fileEncoding = 4; lastKnownFileType = sourcecode.swift; path = MMFetchList.swift; sourceTree = "<group>"; };
		D958F7872008694200E3F0C5 /* MMUIController.swift */ = {isa = PBXFileReference; fileEncoding = 4; lastKnownFileType = sourcecode.swift; path = MMUIController.swift; sourceTree = "<group>"; };
		D958F7882008694200E3F0C5 /* MMFetchsController.swift */ = {isa = PBXFileReference; fileEncoding = 4; lastKnownFileType = sourcecode.swift; path = MMFetchsController.swift; sourceTree = "<group>"; };
		D958F78E2008694900E3F0C5 /* DemoListController.swift */ = {isa = PBXFileReference; fileEncoding = 4; lastKnownFileType = sourcecode.swift; path = DemoListController.swift; sourceTree = "<group>"; };
		D9917D2920089F56003682AD /* Dog.swift */ = {isa = PBXFileReference; lastKnownFileType = sourcecode.swift; path = Dog.swift; sourceTree = "<group>"; };
		D9917D2B2008AF73003682AD /* DogCell.swift */ = {isa = PBXFileReference; lastKnownFileType = sourcecode.swift; path = DogCell.swift; sourceTree = "<group>"; };
		D9FDDBB02008672200A88631 /* ttt.app */ = {isa = PBXFileReference; explicitFileType = wrapper.application; includeInIndex = 0; path = ttt.app; sourceTree = BUILT_PRODUCTS_DIR; };
		D9FDDBB32008672200A88631 /* AppDelegate.swift */ = {isa = PBXFileReference; lastKnownFileType = sourcecode.swift; path = AppDelegate.swift; sourceTree = "<group>"; };
		D9FDDBB52008672200A88631 /* ViewController.swift */ = {isa = PBXFileReference; lastKnownFileType = sourcecode.swift; path = ViewController.swift; sourceTree = "<group>"; };
		D9FDDBB82008672200A88631 /* Base */ = {isa = PBXFileReference; lastKnownFileType = file.storyboard; name = Base; path = Base.lproj/Main.storyboard; sourceTree = "<group>"; };
		D9FDDBBA2008672200A88631 /* Assets.xcassets */ = {isa = PBXFileReference; lastKnownFileType = folder.assetcatalog; path = Assets.xcassets; sourceTree = "<group>"; };
		D9FDDBBD2008672200A88631 /* Base */ = {isa = PBXFileReference; lastKnownFileType = file.storyboard; name = Base; path = Base.lproj/LaunchScreen.storyboard; sourceTree = "<group>"; };
		D9FDDBBF2008672200A88631 /* Info.plist */ = {isa = PBXFileReference; lastKnownFileType = text.plist.xml; path = Info.plist; sourceTree = "<group>"; };
/* End PBXFileReference section */

/* Begin PBXFrameworksBuildPhase section */
		D9FDDBAD2008672200A88631 /* Frameworks */ = {
			isa = PBXFrameworksBuildPhase;
			buildActionMask = 2147483647;
			files = (
				A466CFF86FB13BD221AC4E61 /* Pods_ttt.framework in Frameworks */,
			);
			runOnlyForDeploymentPostprocessing = 0;
		};
/* End PBXFrameworksBuildPhase section */

/* Begin PBXGroup section */
		538F9E91200A47AF006B3A28 /* fetch */ = {
			isa = PBXGroup;
			children = (
				D958F7852008694200E3F0C5 /* MMFetchList.swift */,
				D958F7842008694200E3F0C5 /* MMFetchRealm.swift */,
				D958F7882008694200E3F0C5 /* MMFetchsController.swift */,
				D958F7872008694200E3F0C5 /* MMUIController.swift */,
			);
			path = fetch;
			sourceTree = "<group>";
		};
		9CD8BB8DCB33173D4806A84C /* Frameworks */ = {
			isa = PBXGroup;
			children = (
				35E6648AED6BA9FF1A44C2BE /* Pods_ttt.framework */,
			);
			name = Frameworks;
			sourceTree = "<group>";
		};
		C8CA86FA06B9EA82C8B78A6C /* Pods */ = {
			isa = PBXGroup;
			children = (
				91BE48983675DDBC97B96407 /* Pods-ttt.debug.xcconfig */,
				358FAD53CC2AD532340D1967 /* Pods-ttt.release.xcconfig */,
			);
			name = Pods;
			sourceTree = "<group>";
		};
		D958F781200868FC00E3F0C5 /* core */ = {
			isa = PBXGroup;
			children = (
				D958F7832008690800E3F0C5 /* demo */,
				D958F7822008690300E3F0C5 /* ui */,
			);
			path = core;
			sourceTree = "<group>";
		};
		D958F7822008690300E3F0C5 /* ui */ = {
			isa = PBXGroup;
			children = (
				538F9E91200A47AF006B3A28 /* fetch */,
			);
			path = ui;
			sourceTree = "<group>";
		};
		D958F7832008690800E3F0C5 /* demo */ = {
			isa = PBXGroup;
			children = (
				D958F78E2008694900E3F0C5 /* DemoListController.swift */,
				D9917D2920089F56003682AD /* Dog.swift */,
				D9917D2B2008AF73003682AD /* DogCell.swift */,
				538F9E8B200A2B41006B3A28 /* DemoRealmController.swift */,
				538F9E8D200A2D9C006B3A28 /* SettingCell.swift */,
				538F9E8F200A2DDE006B3A28 /* SettingNode.swift */,
			);
			path = demo;
			sourceTree = "<group>";
		};
		D9FDDBA72008672200A88631 = {
			isa = PBXGroup;
			children = (
				D9FDDBB22008672200A88631 /* ttt */,
				D9FDDBB12008672200A88631 /* Products */,
				C8CA86FA06B9EA82C8B78A6C /* Pods */,
				9CD8BB8DCB33173D4806A84C /* Frameworks */,
			);
			sourceTree = "<group>";
		};
		D9FDDBB12008672200A88631 /* Products */ = {
			isa = PBXGroup;
			children = (
				D9FDDBB02008672200A88631 /* ttt.app */,
			);
			name = Products;
			sourceTree = "<group>";
		};
		D9FDDBB22008672200A88631 /* ttt */ = {
			isa = PBXGroup;
			children = (
				D958F781200868FC00E3F0C5 /* core */,
				D9FDDBB32008672200A88631 /* AppDelegate.swift */,
				D9FDDBB52008672200A88631 /* ViewController.swift */,
				D9FDDBB72008672200A88631 /* Main.storyboard */,
				D9FDDBBA2008672200A88631 /* Assets.xcassets */,
				D9FDDBBC2008672200A88631 /* LaunchScreen.storyboard */,
				D9FDDBBF2008672200A88631 /* Info.plist */,
			);
			path = ttt;
			sourceTree = "<group>";
		};
/* End PBXGroup section */

/* Begin PBXNativeTarget section */
		D9FDDBAF2008672200A88631 /* ttt */ = {
			isa = PBXNativeTarget;
			buildConfigurationList = D9FDDBC22008672200A88631 /* Build configuration list for PBXNativeTarget "ttt" */;
			buildPhases = (
				69C520892AC97F60B60557F2 /* [CP] Check Pods Manifest.lock */,
				D9FDDBAC2008672200A88631 /* Sources */,
				D9FDDBAD2008672200A88631 /* Frameworks */,
				D9FDDBAE2008672200A88631 /* Resources */,
				D9DA05C448DD850D753D2FE1 /* [CP] Embed Pods Frameworks */,
				CAA5543ADA1DF210C4A94982 /* [CP] Copy Pods Resources */,
			);
			buildRules = (
			);
			dependencies = (
			);
			name = ttt;
			productName = ttt;
			productReference = D9FDDBB02008672200A88631 /* ttt.app */;
			productType = "com.apple.product-type.application";
		};
/* End PBXNativeTarget section */

/* Begin PBXProject section */
		D9FDDBA82008672200A88631 /* Project object */ = {
			isa = PBXProject;
			attributes = {
				LastSwiftUpdateCheck = 0920;
				LastUpgradeCheck = 0920;
				ORGANIZATIONNAME = "MJ Ling";
				TargetAttributes = {
					D9FDDBAF2008672200A88631 = {
						CreatedOnToolsVersion = 9.2;
						ProvisioningStyle = Automatic;
					};
				};
			};
			buildConfigurationList = D9FDDBAB2008672200A88631 /* Build configuration list for PBXProject "ttt" */;
			compatibilityVersion = "Xcode 8.0";
			developmentRegion = en;
			hasScannedForEncodings = 0;
			knownRegions = (
				en,
				Base,
			);
			mainGroup = D9FDDBA72008672200A88631;
			productRefGroup = D9FDDBB12008672200A88631 /* Products */;
			projectDirPath = "";
			projectRoot = "";
			targets = (
				D9FDDBAF2008672200A88631 /* ttt */,
			);
		};
/* End PBXProject section */

/* Begin PBXResourcesBuildPhase section */
		D9FDDBAE2008672200A88631 /* Resources */ = {
			isa = PBXResourcesBuildPhase;
			buildActionMask = 2147483647;
			files = (
				D9FDDBBE2008672200A88631 /* LaunchScreen.storyboard in Resources */,
				D9FDDBBB2008672200A88631 /* Assets.xcassets in Resources */,
				D9FDDBB92008672200A88631 /* Main.storyboard in Resources */,
			);
			runOnlyForDeploymentPostprocessing = 0;
		};
/* End PBXResourcesBuildPhase section */

/* Begin PBXShellScriptBuildPhase section */
		69C520892AC97F60B60557F2 /* [CP] Check Pods Manifest.lock */ = {
			isa = PBXShellScriptBuildPhase;
			buildActionMask = 2147483647;
			files = (
			);
			inputPaths = (
				"${PODS_PODFILE_DIR_PATH}/Podfile.lock",
				"${PODS_ROOT}/Manifest.lock",
			);
			name = "[CP] Check Pods Manifest.lock";
			outputPaths = (
				"$(DERIVED_FILE_DIR)/Pods-ttt-checkManifestLockResult.txt",
			);
			runOnlyForDeploymentPostprocessing = 0;
			shellPath = /bin/sh;
			shellScript = "diff \"${PODS_PODFILE_DIR_PATH}/Podfile.lock\" \"${PODS_ROOT}/Manifest.lock\" > /dev/null\nif [ $? != 0 ] ; then\n    # print error to STDERR\n    echo \"error: The sandbox is not in sync with the Podfile.lock. Run 'pod install' or update your CocoaPods installation.\" >&2\n    exit 1\nfi\n# This output is used by Xcode 'outputs' to avoid re-running this script phase.\necho \"SUCCESS\" > \"${SCRIPT_OUTPUT_FILE_0}\"\n";
			showEnvVarsInLog = 0;
		};
		CAA5543ADA1DF210C4A94982 /* [CP] Copy Pods Resources */ = {
			isa = PBXShellScriptBuildPhase;
			buildActionMask = 2147483647;
			files = (
			);
			inputPaths = (
			);
			name = "[CP] Copy Pods Resources";
			outputPaths = (
			);
			runOnlyForDeploymentPostprocessing = 0;
			shellPath = /bin/sh;
			shellScript = "\"${SRCROOT}/Pods/Target Support Files/Pods-ttt/Pods-ttt-resources.sh\"\n";
			showEnvVarsInLog = 0;
		};
		D9DA05C448DD850D753D2FE1 /* [CP] Embed Pods Frameworks */ = {
			isa = PBXShellScriptBuildPhase;
			buildActionMask = 2147483647;
			files = (
			);
			inputPaths = (
				"${SRCROOT}/Pods/Target Support Files/Pods-ttt/Pods-ttt-frameworks.sh",
				"${BUILT_PRODUCTS_DIR}/Realm/Realm.framework",
				"${BUILT_PRODUCTS_DIR}/RealmSwift/RealmSwift.framework",
			);
			name = "[CP] Embed Pods Frameworks";
			outputPaths = (
				"${TARGET_BUILD_DIR}/${FRAMEWORKS_FOLDER_PATH}/Realm.framework",
				"${TARGET_BUILD_DIR}/${FRAMEWORKS_FOLDER_PATH}/RealmSwift.framework",
			);
			runOnlyForDeploymentPostprocessing = 0;
			shellPath = /bin/sh;
			shellScript = "\"${SRCROOT}/Pods/Target Support Files/Pods-ttt/Pods-ttt-frameworks.sh\"\n";
			showEnvVarsInLog = 0;
		};
/* End PBXShellScriptBuildPhase section */

/* Begin PBXSourcesBuildPhase section */
		D9FDDBAC2008672200A88631 /* Sources */ = {
			isa = PBXSourcesBuildPhase;
			buildActionMask = 2147483647;
			files = (
				D958F78F2008694900E3F0C5 /* DemoListController.swift in Sources */,
				538F9E8E200A2D9C006B3A28 /* SettingCell.swift in Sources */,
				D958F78C2008694200E3F0C5 /* MMUIController.swift in Sources */,
				D958F78A2008694200E3F0C5 /* MMFetchList.swift in Sources */,
				D958F7892008694200E3F0C5 /* MMFetchRealm.swift in Sources */,
				538F9E90200A2DDE006B3A28 /* SettingNode.swift in Sources */,
				538F9E8C200A2B41006B3A28 /* DemoRealmController.swift in Sources */,
				D9917D2A20089F56003682AD /* Dog.swift in Sources */,
				D958F78D2008694200E3F0C5 /* MMFetchsController.swift in Sources */,
				D9FDDBB62008672200A88631 /* ViewController.swift in Sources */,
				D9917D2C2008AF73003682AD /* DogCell.swift in Sources */,
				D9FDDBB42008672200A88631 /* AppDelegate.swift in Sources */,
			);
			runOnlyForDeploymentPostprocessing = 0;
		};
/* End PBXSourcesBuildPhase section */

/* Begin PBXVariantGroup section */
		D9FDDBB72008672200A88631 /* Main.storyboard */ = {
			isa = PBXVariantGroup;
			children = (
				D9FDDBB82008672200A88631 /* Base */,
			);
			name = Main.storyboard;
			sourceTree = "<group>";
		};
		D9FDDBBC2008672200A88631 /* LaunchScreen.storyboard */ = {
			isa = PBXVariantGroup;
			children = (
				D9FDDBBD2008672200A88631 /* Base */,
			);
			name = LaunchScreen.storyboard;
			sourceTree = "<group>";
		};
/* End PBXVariantGroup section */

/* Begin XCBuildConfiguration section */
		D9FDDBC02008672200A88631 /* Debug */ = {
			isa = XCBuildConfiguration;
			buildSettings = {
				ALWAYS_SEARCH_USER_PATHS = NO;
				CLANG_ANALYZER_NONNULL = YES;
				CLANG_ANALYZER_NUMBER_OBJECT_CONVERSION = YES_AGGRESSIVE;
				CLANG_CXX_LANGUAGE_STANDARD = "gnu++14";
				CLANG_CXX_LIBRARY = "libc++";
				CLANG_ENABLE_MODULES = YES;
				CLANG_ENABLE_OBJC_ARC = YES;
				CLANG_WARN_BLOCK_CAPTURE_AUTORELEASING = YES;
				CLANG_WARN_BOOL_CONVERSION = YES;
				CLANG_WARN_COMMA = YES;
				CLANG_WARN_CONSTANT_CONVERSION = YES;
				CLANG_WARN_DIRECT_OBJC_ISA_USAGE = YES_ERROR;
				CLANG_WARN_DOCUMENTATION_COMMENTS = YES;
				CLANG_WARN_EMPTY_BODY = YES;
				CLANG_WARN_ENUM_CONVERSION = YES;
				CLANG_WARN_INFINITE_RECURSION = YES;
				CLANG_WARN_INT_CONVERSION = YES;
				CLANG_WARN_NON_LITERAL_NULL_CONVERSION = YES;
				CLANG_WARN_OBJC_LITERAL_CONVERSION = YES;
				CLANG_WARN_OBJC_ROOT_CLASS = YES_ERROR;
				CLANG_WARN_RANGE_LOOP_ANALYSIS = YES;
				CLANG_WARN_STRICT_PROTOTYPES = YES;
				CLANG_WARN_SUSPICIOUS_MOVE = YES;
				CLANG_WARN_UNGUARDED_AVAILABILITY = YES_AGGRESSIVE;
				CLANG_WARN_UNREACHABLE_CODE = YES;
				CLANG_WARN__DUPLICATE_METHOD_MATCH = YES;
				CODE_SIGN_IDENTITY = "iPhone Developer";
				COPY_PHASE_STRIP = NO;
				DEBUG_INFORMATION_FORMAT = dwarf;
				ENABLE_STRICT_OBJC_MSGSEND = YES;
				ENABLE_TESTABILITY = YES;
				GCC_C_LANGUAGE_STANDARD = gnu11;
				GCC_DYNAMIC_NO_PIC = NO;
				GCC_NO_COMMON_BLOCKS = YES;
				GCC_OPTIMIZATION_LEVEL = 0;
				GCC_PREPROCESSOR_DEFINITIONS = (
					"DEBUG=1",
					"$(inherited)",
				);
				GCC_WARN_64_TO_32_BIT_CONVERSION = YES;
				GCC_WARN_ABOUT_RETURN_TYPE = YES_ERROR;
				GCC_WARN_UNDECLARED_SELECTOR = YES;
				GCC_WARN_UNINITIALIZED_AUTOS = YES_AGGRESSIVE;
				GCC_WARN_UNUSED_FUNCTION = YES;
				GCC_WARN_UNUSED_VARIABLE = YES;
				IPHONEOS_DEPLOYMENT_TARGET = 11.2;
				MTL_ENABLE_DEBUG_INFO = YES;
				ONLY_ACTIVE_ARCH = YES;
				SDKROOT = iphoneos;
				SWIFT_ACTIVE_COMPILATION_CONDITIONS = DEBUG;
				SWIFT_OPTIMIZATION_LEVEL = "-Onone";
			};
			name = Debug;
		};
		D9FDDBC12008672200A88631 /* Release */ = {
			isa = XCBuildConfiguration;
			buildSettings = {
				ALWAYS_SEARCH_USER_PATHS = NO;
				CLANG_ANALYZER_NONNULL = YES;
				CLANG_ANALYZER_NUMBER_OBJECT_CONVERSION = YES_AGGRESSIVE;
				CLANG_CXX_LANGUAGE_STANDARD = "gnu++14";
				CLANG_CXX_LIBRARY = "libc++";
				CLANG_ENABLE_MODULES = YES;
				CLANG_ENABLE_OBJC_ARC = YES;
				CLANG_WARN_BLOCK_CAPTURE_AUTORELEASING = YES;
				CLANG_WARN_BOOL_CONVERSION = YES;
				CLANG_WARN_COMMA = YES;
				CLANG_WARN_CONSTANT_CONVERSION = YES;
				CLANG_WARN_DIRECT_OBJC_ISA_USAGE = YES_ERROR;
				CLANG_WARN_DOCUMENTATION_COMMENTS = YES;
				CLANG_WARN_EMPTY_BODY = YES;
				CLANG_WARN_ENUM_CONVERSION = YES;
				CLANG_WARN_INFINITE_RECURSION = YES;
				CLANG_WARN_INT_CONVERSION = YES;
				CLANG_WARN_NON_LITERAL_NULL_CONVERSION = YES;
				CLANG_WARN_OBJC_LITERAL_CONVERSION = YES;
				CLANG_WARN_OBJC_ROOT_CLASS = YES_ERROR;
				CLANG_WARN_RANGE_LOOP_ANALYSIS = YES;
				CLANG_WARN_STRICT_PROTOTYPES = YES;
				CLANG_WARN_SUSPICIOUS_MOVE = YES;
				CLANG_WARN_UNGUARDED_AVAILABILITY = YES_AGGRESSIVE;
				CLANG_WARN_UNREACHABLE_CODE = YES;
				CLANG_WARN__DUPLICATE_METHOD_MATCH = YES;
				CODE_SIGN_IDENTITY = "iPhone Developer";
				COPY_PHASE_STRIP = NO;
				DEBUG_INFORMATION_FORMAT = "dwarf-with-dsym";
				ENABLE_NS_ASSERTIONS = NO;
				ENABLE_STRICT_OBJC_MSGSEND = YES;
				GCC_C_LANGUAGE_STANDARD = gnu11;
				GCC_NO_COMMON_BLOCKS = YES;
				GCC_WARN_64_TO_32_BIT_CONVERSION = YES;
				GCC_WARN_ABOUT_RETURN_TYPE = YES_ERROR;
				GCC_WARN_UNDECLARED_SELECTOR = YES;
				GCC_WARN_UNINITIALIZED_AUTOS = YES_AGGRESSIVE;
				GCC_WARN_UNUSED_FUNCTION = YES;
				GCC_WARN_UNUSED_VARIABLE = YES;
				IPHONEOS_DEPLOYMENT_TARGET = 11.2;
				MTL_ENABLE_DEBUG_INFO = NO;
				SDKROOT = iphoneos;
				SWIFT_OPTIMIZATION_LEVEL = "-Owholemodule";
				VALIDATE_PRODUCT = YES;
			};
			name = Release;
		};
		D9FDDBC32008672200A88631 /* Debug */ = {
			isa = XCBuildConfiguration;
			baseConfigurationReference = 91BE48983675DDBC97B96407 /* Pods-ttt.debug.xcconfig */;
			buildSettings = {
				ASSETCATALOG_COMPILER_APPICON_NAME = AppIcon;
				CODE_SIGN_STYLE = Automatic;
				DEVELOPMENT_TEAM = MGL332UAE8;
				INFOPLIST_FILE = ttt/Info.plist;
				LD_RUNPATH_SEARCH_PATHS = "$(inherited) @executable_path/Frameworks";
				PRODUCT_BUNDLE_IDENTIFIER = ssn.ttt;
				PRODUCT_NAME = "$(TARGET_NAME)";
				SWIFT_VERSION = 4.0;
				TARGETED_DEVICE_FAMILY = "1,2";
				USER_HEADER_SEARCH_PATHS = "$(PODS_ROOT)/**";
			};
			name = Debug;
		};
		D9FDDBC42008672200A88631 /* Release */ = {
			isa = XCBuildConfiguration;
			baseConfigurationReference = 358FAD53CC2AD532340D1967 /* Pods-ttt.release.xcconfig */;
			buildSettings = {
				ASSETCATALOG_COMPILER_APPICON_NAME = AppIcon;
				CODE_SIGN_STYLE = Automatic;
				DEVELOPMENT_TEAM = MGL332UAE8;
				INFOPLIST_FILE = ttt/Info.plist;
				LD_RUNPATH_SEARCH_PATHS = "$(inherited) @executable_path/Frameworks";
				PRODUCT_BUNDLE_IDENTIFIER = ssn.ttt;
				PRODUCT_NAME = "$(TARGET_NAME)";
				SWIFT_VERSION = 4.0;
				TARGETED_DEVICE_FAMILY = "1,2";
				USER_HEADER_SEARCH_PATHS = "$(PODS_ROOT)/**";
			};
			name = Release;
		};
/* End XCBuildConfiguration section */

/* Begin XCConfigurationList section */
		D9FDDBAB2008672200A88631 /* Build configuration list for PBXProject "ttt" */ = {
			isa = XCConfigurationList;
			buildConfigurations = (
				D9FDDBC02008672200A88631 /* Debug */,
				D9FDDBC12008672200A88631 /* Release */,
			);
			defaultConfigurationIsVisible = 0;
			defaultConfigurationName = Release;
		};
		D9FDDBC22008672200A88631 /* Build configuration list for PBXNativeTarget "ttt" */ = {
			isa = XCConfigurationList;
			buildConfigurations = (
				D9FDDBC32008672200A88631 /* Debug */,
				D9FDDBC42008672200A88631 /* Release */,
			);
			defaultConfigurationIsVisible = 0;
			defaultConfigurationName = Release;
		};
/* End XCConfigurationList section */
	};
	rootObject = D9FDDBA82008672200A88631 /* Project object */;
}
