// !$*UTF8*$!
{
	archiveVersion = 1;
	classes = {
	};
	objectVersion = 48;
	objects = {

/* Begin PBXBuildFile section */
		5326877B20983A3A0004F1DF /* Flyweight.swift in Sources */ = {isa = PBXBuildFile; fileRef = 5326877A20983A3A0004F1DF /* Flyweight.swift */; };
		532F4C9720B29DAA00B1DBCB /* DemoCollectionController.swift in Sources */ = {isa = PBXBuildFile; fileRef = 532F4C9620B29DAA00B1DBCB /* DemoCollectionController.swift */; };
		5342EA8D20143B7D00A806B3 /* RPC.swift in Sources */ = {isa = PBXBuildFile; fileRef = 5342EA8C20143B7D00A806B3 /* RPC.swift */; };
		5355BF81209ABA9C00C7CAC0 /* DetailViewController.swift in Sources */ = {isa = PBXBuildFile; fileRef = 5355BF80209ABA9C00C7CAC0 /* DetailViewController.swift */; };
		5355BF83209ABFC300C7CAC0 /* DogManager.swift in Sources */ = {isa = PBXBuildFile; fileRef = 5355BF82209ABFC300C7CAC0 /* DogManager.swift */; };
		5374F940209C42E60036225E /* DataStore.swift in Sources */ = {isa = PBXBuildFile; fileRef = 5374F93F209C42E60036225E /* DataStore.swift */; };
		5374F942209C54530036225E /* StringExt.swift in Sources */ = {isa = PBXBuildFile; fileRef = 5374F941209C54530036225E /* StringExt.swift */; };
		53822F2820440CD5009CDE66 /* WFHeaderView.m in Sources */ = {isa = PBXBuildFile; fileRef = 53822F2220440CD5009CDE66 /* WFHeaderView.m */; };
		53822F2920440CD5009CDE66 /* WFHeaderView.xib in Resources */ = {isa = PBXBuildFile; fileRef = 53822F2520440CD5009CDE66 /* WFHeaderView.xib */; };
		53822F2A20440CD5009CDE66 /* CollectViewController.m in Sources */ = {isa = PBXBuildFile; fileRef = 53822F2620440CD5009CDE66 /* CollectViewController.m */; };
		53822F2E20440D28009CDE66 /* CollectionWaterfallLayout.m in Sources */ = {isa = PBXBuildFile; fileRef = 53822F2D20440D28009CDE66 /* CollectionWaterfallLayout.m */; };
		53822F3120450B89009CDE66 /* MMCollectionViewLayout.swift in Sources */ = {isa = PBXBuildFile; fileRef = 53822F3020450B89009CDE66 /* MMCollectionViewLayout.swift */; };
		53822F3720467E16009CDE66 /* SCollectionViewController.swift in Sources */ = {isa = PBXBuildFile; fileRef = 53822F3620467E16009CDE66 /* SCollectionViewController.swift */; };
		53822F392047D474009CDE66 /* MMUICollectionController.swift in Sources */ = {isa = PBXBuildFile; fileRef = 53822F382047D474009CDE66 /* MMUICollectionController.swift */; };
		53822F3B2047E766009CDE66 /* CltProfileViewController.swift in Sources */ = {isa = PBXBuildFile; fileRef = 53822F3A2047E766009CDE66 /* CltProfileViewController.swift */; };
		53822F3D2047EAC2009CDE66 /* SettingV1Cell.swift in Sources */ = {isa = PBXBuildFile; fileRef = 53822F3C2047EAC2009CDE66 /* SettingV1Cell.swift */; };
		538350EE2063A80C005DDA8A /* MMTrack.swift in Sources */ = {isa = PBXBuildFile; fileRef = 538350ED2063A80C005DDA8A /* MMTrack.swift */; };
		538350F02063AC20005DDA8A /* HomePageViewController.swift in Sources */ = {isa = PBXBuildFile; fileRef = 538350EF2063AC20005DDA8A /* HomePageViewController.swift */; };
		5386382B2033DB2C00AE4DE6 /* LoginViewController.swift in Sources */ = {isa = PBXBuildFile; fileRef = 5386382A2033DB2C00AE4DE6 /* LoginViewController.swift */; };
		53888940204AD85600859ED6 /* BriefRSA.swift in Sources */ = {isa = PBXBuildFile; fileRef = 5388893F204AD85600859ED6 /* BriefRSA.swift */; };
		5388894A204F80CA00859ED6 /* SMP.swift in Sources */ = {isa = PBXBuildFile; fileRef = 53888949204F80CA00859ED6 /* SMP.swift */; };
		538F9E8C200A2B41006B3A28 /* DemoRealmController.swift in Sources */ = {isa = PBXBuildFile; fileRef = 538F9E8B200A2B41006B3A28 /* DemoRealmController.swift */; };
		538F9E8E200A2D9C006B3A28 /* SettingCell.swift in Sources */ = {isa = PBXBuildFile; fileRef = 538F9E8D200A2D9C006B3A28 /* SettingCell.swift */; };
		538F9E90200A2DDE006B3A28 /* SettingNode.swift in Sources */ = {isa = PBXBuildFile; fileRef = 538F9E8F200A2DDE006B3A28 /* SettingNode.swift */; };
		53B133A3209F2ED900B2A3FD /* LRUCache.swift in Sources */ = {isa = PBXBuildFile; fileRef = 53B133A2209F2ED900B2A3FD /* LRUCache.swift */; };
		A466CFF86FB13BD221AC4E61 /* Pods_ttt.framework in Frameworks */ = {isa = PBXBuildFile; fileRef = 35E6648AED6BA9FF1A44C2BE /* Pods_ttt.framework */; };
		D9414051200F3E3F0050132B /* MMJsonable.swift in Sources */ = {isa = PBXBuildFile; fileRef = D9414050200F3E3F0050132B /* MMJsonable.swift */; };
		D941405C20107C610050132B /* MMTry.m in Sources */ = {isa = PBXBuildFile; fileRef = D941405B20107C610050132B /* MMTry.m */; };
		D9414061201096CC0050132B /* MMController.swift in Sources */ = {isa = PBXBuildFile; fileRef = D9414060201096CC0050132B /* MMController.swift */; };
		D94140632011CCBD0050132B /* MMUITableController.swift in Sources */ = {isa = PBXBuildFile; fileRef = D94140622011CCBD0050132B /* MMUITableController.swift */; };
		D94140652011DC8E0050132B /* MMUIWebController.swift in Sources */ = {isa = PBXBuildFile; fileRef = D94140642011DC8E0050132B /* MMUIWebController.swift */; };
		D94140672016D6420050132B /* RigidCache.swift in Sources */ = {isa = PBXBuildFile; fileRef = D94140662016D6420050132B /* RigidCache.swift */; };
		D94140692016F1120050132B /* CycleStack.swift in Sources */ = {isa = PBXBuildFile; fileRef = D94140682016F1120050132B /* CycleStack.swift */; };
		D941406B201721470050132B /* KeyCycleStack.swift in Sources */ = {isa = PBXBuildFile; fileRef = D941406A201721470050132B /* KeyCycleStack.swift */; };
		D958F7892008694200E3F0C5 /* MMFetchRealm.swift in Sources */ = {isa = PBXBuildFile; fileRef = D958F7842008694200E3F0C5 /* MMFetchRealm.swift */; };
		D958F78A2008694200E3F0C5 /* MMFetchList.swift in Sources */ = {isa = PBXBuildFile; fileRef = D958F7852008694200E3F0C5 /* MMFetchList.swift */; };
		D958F78C2008694200E3F0C5 /* MMUIController.swift in Sources */ = {isa = PBXBuildFile; fileRef = D958F7872008694200E3F0C5 /* MMUIController.swift */; };
		D958F78D2008694200E3F0C5 /* MMFetchsController.swift in Sources */ = {isa = PBXBuildFile; fileRef = D958F7882008694200E3F0C5 /* MMFetchsController.swift */; };
		D958F78F2008694900E3F0C5 /* DemoListController.swift in Sources */ = {isa = PBXBuildFile; fileRef = D958F78E2008694900E3F0C5 /* DemoListController.swift */; };
		D99152D7201836EE00FD8B92 /* ProfileViewController.swift in Sources */ = {isa = PBXBuildFile; fileRef = D99152D6201836EE00FD8B92 /* ProfileViewController.swift */; };
		D9917D2A20089F56003682AD /* Dog.swift in Sources */ = {isa = PBXBuildFile; fileRef = D9917D2920089F56003682AD /* Dog.swift */; };
		D9917D2C2008AF73003682AD /* DogCell.swift in Sources */ = {isa = PBXBuildFile; fileRef = D9917D2B2008AF73003682AD /* DogCell.swift */; };
		D9CCAD11200C57B300C03276 /* Navigator.swift in Sources */ = {isa = PBXBuildFile; fileRef = D9CCAD10200C57B300C03276 /* Navigator.swift */; };
		D9CCAD13200C5C4B00C03276 /* page_router.xml in Resources */ = {isa = PBXBuildFile; fileRef = D9CCAD12200C5C4B00C03276 /* page_router.xml */; };
		D9CCAD15200C809E00C03276 /* VCNode.swift in Sources */ = {isa = PBXBuildFile; fileRef = D9CCAD14200C809E00C03276 /* VCNode.swift */; };
		D9CCAD17200C8F2700C03276 /* Urls.swift in Sources */ = {isa = PBXBuildFile; fileRef = D9CCAD16200C8F2700C03276 /* Urls.swift */; };
		D9CCAD1A200CBB7900C03276 /* Injects.swift in Sources */ = {isa = PBXBuildFile; fileRef = D9CCAD19200CBB7900C03276 /* Injects.swift */; };
		D9D2AA3C2018A738000B3681 /* Quantum.swift in Sources */ = {isa = PBXBuildFile; fileRef = D9D2AA3B2018A738000B3681 /* Quantum.swift */; };
		D9F5CA16206C7D4900251D3F /* UIViewControllerLoading.swift in Sources */ = {isa = PBXBuildFile; fileRef = D9F5CA15206C7D4900251D3F /* UIViewControllerLoading.swift */; };
		D9F5CA18206C9A1600251D3F /* NSObjectTagExt.swift in Sources */ = {isa = PBXBuildFile; fileRef = D9F5CA17206C9A1600251D3F /* NSObjectTagExt.swift */; };
		D9FDDBB42008672200A88631 /* AppDelegate.swift in Sources */ = {isa = PBXBuildFile; fileRef = D9FDDBB32008672200A88631 /* AppDelegate.swift */; };
		D9FDDBB62008672200A88631 /* ViewController.swift in Sources */ = {isa = PBXBuildFile; fileRef = D9FDDBB52008672200A88631 /* ViewController.swift */; };
		D9FDDBBB2008672200A88631 /* Assets.xcassets in Resources */ = {isa = PBXBuildFile; fileRef = D9FDDBBA2008672200A88631 /* Assets.xcassets */; };
/* End PBXBuildFile section */

/* Begin PBXFileReference section */
		358FAD53CC2AD532340D1967 /* Pods-ttt.release.xcconfig */ = {isa = PBXFileReference; includeInIndex = 1; lastKnownFileType = text.xcconfig; name = "Pods-ttt.release.xcconfig"; path = "Pods/Target Support Files/Pods-ttt/Pods-ttt.release.xcconfig"; sourceTree = "<group>"; };
		35E6648AED6BA9FF1A44C2BE /* Pods_ttt.framework */ = {isa = PBXFileReference; explicitFileType = wrapper.framework; includeInIndex = 0; path = Pods_ttt.framework; sourceTree = BUILT_PRODUCTS_DIR; };
		5326877A20983A3A0004F1DF /* Flyweight.swift */ = {isa = PBXFileReference; lastKnownFileType = sourcecode.swift; path = Flyweight.swift; sourceTree = "<group>"; };
		532F4C9620B29DAA00B1DBCB /* DemoCollectionController.swift */ = {isa = PBXFileReference; lastKnownFileType = sourcecode.swift; path = DemoCollectionController.swift; sourceTree = "<group>"; };
		5342EA8C20143B7D00A806B3 /* RPC.swift */ = {isa = PBXFileReference; lastKnownFileType = sourcecode.swift; path = RPC.swift; sourceTree = "<group>"; };
		5355BF80209ABA9C00C7CAC0 /* DetailViewController.swift */ = {isa = PBXFileReference; lastKnownFileType = sourcecode.swift; path = DetailViewController.swift; sourceTree = "<group>"; };
		5355BF82209ABFC300C7CAC0 /* DogManager.swift */ = {isa = PBXFileReference; lastKnownFileType = sourcecode.swift; path = DogManager.swift; sourceTree = "<group>"; };
		5374F93F209C42E60036225E /* DataStore.swift */ = {isa = PBXFileReference; lastKnownFileType = sourcecode.swift; path = DataStore.swift; sourceTree = "<group>"; };
		5374F941209C54530036225E /* StringExt.swift */ = {isa = PBXFileReference; lastKnownFileType = sourcecode.swift; path = StringExt.swift; sourceTree = "<group>"; };
		53822F2220440CD5009CDE66 /* WFHeaderView.m */ = {isa = PBXFileReference; fileEncoding = 4; lastKnownFileType = sourcecode.c.objc; path = WFHeaderView.m; sourceTree = "<group>"; };
		53822F2320440CD5009CDE66 /* CollectViewController.h */ = {isa = PBXFileReference; fileEncoding = 4; lastKnownFileType = sourcecode.c.h; path = CollectViewController.h; sourceTree = "<group>"; };
		53822F2420440CD5009CDE66 /* WFHeaderView.h */ = {isa = PBXFileReference; fileEncoding = 4; lastKnownFileType = sourcecode.c.h; path = WFHeaderView.h; sourceTree = "<group>"; };
		53822F2520440CD5009CDE66 /* WFHeaderView.xib */ = {isa = PBXFileReference; fileEncoding = 4; lastKnownFileType = file.xib; path = WFHeaderView.xib; sourceTree = "<group>"; };
		53822F2620440CD5009CDE66 /* CollectViewController.m */ = {isa = PBXFileReference; fileEncoding = 4; lastKnownFileType = sourcecode.c.objc; path = CollectViewController.m; sourceTree = "<group>"; };
		53822F2C20440D28009CDE66 /* CollectionWaterfallLayout.h */ = {isa = PBXFileReference; fileEncoding = 4; lastKnownFileType = sourcecode.c.h; path = CollectionWaterfallLayout.h; sourceTree = "<group>"; };
		53822F2D20440D28009CDE66 /* CollectionWaterfallLayout.m */ = {isa = PBXFileReference; fileEncoding = 4; lastKnownFileType = sourcecode.c.objc; path = CollectionWaterfallLayout.m; sourceTree = "<group>"; };
		53822F3020450B89009CDE66 /* MMCollectionViewLayout.swift */ = {isa = PBXFileReference; lastKnownFileType = sourcecode.swift; path = MMCollectionViewLayout.swift; sourceTree = "<group>"; };
		53822F3620467E16009CDE66 /* SCollectionViewController.swift */ = {isa = PBXFileReference; lastKnownFileType = sourcecode.swift; path = SCollectionViewController.swift; sourceTree = "<group>"; };
		53822F382047D474009CDE66 /* MMUICollectionController.swift */ = {isa = PBXFileReference; lastKnownFileType = sourcecode.swift; path = MMUICollectionController.swift; sourceTree = "<group>"; };
		53822F3A2047E766009CDE66 /* CltProfileViewController.swift */ = {isa = PBXFileReference; fileEncoding = 4; lastKnownFileType = sourcecode.swift; path = CltProfileViewController.swift; sourceTree = "<group>"; };
		53822F3C2047EAC2009CDE66 /* SettingV1Cell.swift */ = {isa = PBXFileReference; fileEncoding = 4; lastKnownFileType = sourcecode.swift; path = SettingV1Cell.swift; sourceTree = "<group>"; };
		538350ED2063A80C005DDA8A /* MMTrack.swift */ = {isa = PBXFileReference; lastKnownFileType = sourcecode.swift; path = MMTrack.swift; sourceTree = "<group>"; };
		538350EF2063AC20005DDA8A /* HomePageViewController.swift */ = {isa = PBXFileReference; fileEncoding = 4; lastKnownFileType = sourcecode.swift; path = HomePageViewController.swift; sourceTree = "<group>"; };
		5386382A2033DB2C00AE4DE6 /* LoginViewController.swift */ = {isa = PBXFileReference; lastKnownFileType = sourcecode.swift; path = LoginViewController.swift; sourceTree = "<group>"; };
		5388893F204AD85600859ED6 /* BriefRSA.swift */ = {isa = PBXFileReference; lastKnownFileType = sourcecode.swift; path = BriefRSA.swift; sourceTree = "<group>"; };
		53888949204F80CA00859ED6 /* SMP.swift */ = {isa = PBXFileReference; fileEncoding = 4; lastKnownFileType = sourcecode.swift; path = SMP.swift; sourceTree = "<group>"; };
		538F9E8B200A2B41006B3A28 /* DemoRealmController.swift */ = {isa = PBXFileReference; lastKnownFileType = sourcecode.swift; path = DemoRealmController.swift; sourceTree = "<group>"; };
		538F9E8D200A2D9C006B3A28 /* SettingCell.swift */ = {isa = PBXFileReference; lastKnownFileType = sourcecode.swift; path = SettingCell.swift; sourceTree = "<group>"; };
		538F9E8F200A2DDE006B3A28 /* SettingNode.swift */ = {isa = PBXFileReference; lastKnownFileType = sourcecode.swift; path = SettingNode.swift; sourceTree = "<group>"; };
		53B133A2209F2ED900B2A3FD /* LRUCache.swift */ = {isa = PBXFileReference; lastKnownFileType = sourcecode.swift; path = LRUCache.swift; sourceTree = "<group>"; };
		91BE48983675DDBC97B96407 /* Pods-ttt.debug.xcconfig */ = {isa = PBXFileReference; includeInIndex = 1; lastKnownFileType = text.xcconfig; name = "Pods-ttt.debug.xcconfig"; path = "Pods/Target Support Files/Pods-ttt/Pods-ttt.debug.xcconfig"; sourceTree = "<group>"; };
		D9414050200F3E3F0050132B /* MMJsonable.swift */ = {isa = PBXFileReference; lastKnownFileType = sourcecode.swift; path = MMJsonable.swift; sourceTree = "<group>"; };
		D941405A20107C610050132B /* MMTry.h */ = {isa = PBXFileReference; lastKnownFileType = sourcecode.c.h; path = MMTry.h; sourceTree = "<group>"; };
		D941405B20107C610050132B /* MMTry.m */ = {isa = PBXFileReference; lastKnownFileType = sourcecode.c.objc; path = MMTry.m; sourceTree = "<group>"; };
		D941405F20107D700050132B /* ttt-Bridging-Header.h */ = {isa = PBXFileReference; lastKnownFileType = sourcecode.c.h; path = "ttt-Bridging-Header.h"; sourceTree = "<group>"; };
		D9414060201096CC0050132B /* MMController.swift */ = {isa = PBXFileReference; lastKnownFileType = sourcecode.swift; path = MMController.swift; sourceTree = "<group>"; };
		D94140622011CCBD0050132B /* MMUITableController.swift */ = {isa = PBXFileReference; lastKnownFileType = sourcecode.swift; path = MMUITableController.swift; sourceTree = "<group>"; };
		D94140642011DC8E0050132B /* MMUIWebController.swift */ = {isa = PBXFileReference; lastKnownFileType = sourcecode.swift; path = MMUIWebController.swift; sourceTree = "<group>"; };
		D94140662016D6420050132B /* RigidCache.swift */ = {isa = PBXFileReference; lastKnownFileType = sourcecode.swift; path = RigidCache.swift; sourceTree = "<group>"; };
		D94140682016F1120050132B /* CycleStack.swift */ = {isa = PBXFileReference; lastKnownFileType = sourcecode.swift; path = CycleStack.swift; sourceTree = "<group>"; };
		D941406A201721470050132B /* KeyCycleStack.swift */ = {isa = PBXFileReference; lastKnownFileType = sourcecode.swift; path = KeyCycleStack.swift; sourceTree = "<group>"; };
		D958F7842008694200E3F0C5 /* MMFetchRealm.swift */ = {isa = PBXFileReference; fileEncoding = 4; lastKnownFileType = sourcecode.swift; path = MMFetchRealm.swift; sourceTree = "<group>"; };
		D958F7852008694200E3F0C5 /* MMFetchList.swift */ = {isa = PBXFileReference; fileEncoding = 4; lastKnownFileType = sourcecode.swift; path = MMFetchList.swift; sourceTree = "<group>"; };
		D958F7872008694200E3F0C5 /* MMUIController.swift */ = {isa = PBXFileReference; fileEncoding = 4; lastKnownFileType = sourcecode.swift; path = MMUIController.swift; sourceTree = "<group>"; };
		D958F7882008694200E3F0C5 /* MMFetchsController.swift */ = {isa = PBXFileReference; fileEncoding = 4; lastKnownFileType = sourcecode.swift; path = MMFetchsController.swift; sourceTree = "<group>"; };
		D958F78E2008694900E3F0C5 /* DemoListController.swift */ = {isa = PBXFileReference; fileEncoding = 4; lastKnownFileType = sourcecode.swift; path = DemoListController.swift; sourceTree = "<group>"; };
		D99152D6201836EE00FD8B92 /* ProfileViewController.swift */ = {isa = PBXFileReference; lastKnownFileType = sourcecode.swift; path = ProfileViewController.swift; sourceTree = "<group>"; };
		D9917D2920089F56003682AD /* Dog.swift */ = {isa = PBXFileReference; lastKnownFileType = sourcecode.swift; path = Dog.swift; sourceTree = "<group>"; };
		D9917D2B2008AF73003682AD /* DogCell.swift */ = {isa = PBXFileReference; lastKnownFileType = sourcecode.swift; path = DogCell.swift; sourceTree = "<group>"; };
		D9CCAD10200C57B300C03276 /* Navigator.swift */ = {isa = PBXFileReference; lastKnownFileType = sourcecode.swift; path = Navigator.swift; sourceTree = "<group>"; };
		D9CCAD12200C5C4B00C03276 /* page_router.xml */ = {isa = PBXFileReference; fileEncoding = 4; lastKnownFileType = text.xml; path = page_router.xml; sourceTree = "<group>"; };
		D9CCAD14200C809E00C03276 /* VCNode.swift */ = {isa = PBXFileReference; lastKnownFileType = sourcecode.swift; path = VCNode.swift; sourceTree = "<group>"; };
		D9CCAD16200C8F2700C03276 /* Urls.swift */ = {isa = PBXFileReference; lastKnownFileType = sourcecode.swift; path = Urls.swift; sourceTree = "<group>"; };
		D9CCAD19200CBB7900C03276 /* Injects.swift */ = {isa = PBXFileReference; lastKnownFileType = sourcecode.swift; path = Injects.swift; sourceTree = "<group>"; };
		D9D2AA3B2018A738000B3681 /* Quantum.swift */ = {isa = PBXFileReference; lastKnownFileType = sourcecode.swift; path = Quantum.swift; sourceTree = "<group>"; };
		D9F5CA15206C7D4900251D3F /* UIViewControllerLoading.swift */ = {isa = PBXFileReference; lastKnownFileType = sourcecode.swift; path = UIViewControllerLoading.swift; sourceTree = "<group>"; };
		D9F5CA17206C9A1600251D3F /* NSObjectTagExt.swift */ = {isa = PBXFileReference; lastKnownFileType = sourcecode.swift; path = NSObjectTagExt.swift; sourceTree = "<group>"; };
		D9FDDBB02008672200A88631 /* ttt.app */ = {isa = PBXFileReference; explicitFileType = wrapper.application; includeInIndex = 0; path = ttt.app; sourceTree = BUILT_PRODUCTS_DIR; };
		D9FDDBB32008672200A88631 /* AppDelegate.swift */ = {isa = PBXFileReference; lastKnownFileType = sourcecode.swift; path = AppDelegate.swift; sourceTree = "<group>"; };
		D9FDDBB52008672200A88631 /* ViewController.swift */ = {isa = PBXFileReference; lastKnownFileType = sourcecode.swift; path = ViewController.swift; sourceTree = "<group>"; };
		D9FDDBBA2008672200A88631 /* Assets.xcassets */ = {isa = PBXFileReference; lastKnownFileType = folder.assetcatalog; path = Assets.xcassets; sourceTree = "<group>"; };
		D9FDDBBF2008672200A88631 /* Info.plist */ = {isa = PBXFileReference; lastKnownFileType = text.plist.xml; path = Info.plist; sourceTree = "<group>"; };
/* End PBXFileReference section */

/* Begin PBXFrameworksBuildPhase section */
		D9FDDBAD2008672200A88631 /* Frameworks */ = {
			isa = PBXFrameworksBuildPhase;
			buildActionMask = 2147483647;
			files = (
				A466CFF86FB13BD221AC4E61 /* Pods_ttt.framework in Frameworks */,
			);
			runOnlyForDeploymentPostprocessing = 0;
		};
/* End PBXFrameworksBuildPhase section */

/* Begin PBXGroup section */
		53822F2B20440CF6009CDE66 /* CollectionWaterfallLayout */ = {
			isa = PBXGroup;
			children = (
				53822F2C20440D28009CDE66 /* CollectionWaterfallLayout.h */,
				53822F2D20440D28009CDE66 /* CollectionWaterfallLayout.m */,
			);
			path = CollectionWaterfallLayout;
			sourceTree = "<group>";
		};
		53822F2F20450B18009CDE66 /* layout */ = {
			isa = PBXGroup;
			children = (
				53822F3020450B89009CDE66 /* MMCollectionViewLayout.swift */,
			);
			path = layout;
			sourceTree = "<group>";
		};
		538350EC2063A7C3005DDA8A /* track */ = {
			isa = PBXGroup;
			children = (
				538350ED2063A80C005DDA8A /* MMTrack.swift */,
			);
			path = track;
			sourceTree = "<group>";
		};
		538F9E91200A47AF006B3A28 /* fetch */ = {
			isa = PBXGroup;
			children = (
				D958F7852008694200E3F0C5 /* MMFetchList.swift */,
				D958F7842008694200E3F0C5 /* MMFetchRealm.swift */,
				D958F7882008694200E3F0C5 /* MMFetchsController.swift */,
			);
			path = fetch;
			sourceTree = "<group>";
		};
		9CD8BB8DCB33173D4806A84C /* Frameworks */ = {
			isa = PBXGroup;
			children = (
				35E6648AED6BA9FF1A44C2BE /* Pods_ttt.framework */,
			);
			name = Frameworks;
			sourceTree = "<group>";
		};
		C8CA86FA06B9EA82C8B78A6C /* Pods */ = {
			isa = PBXGroup;
			children = (
				91BE48983675DDBC97B96407 /* Pods-ttt.debug.xcconfig */,
				358FAD53CC2AD532340D1967 /* Pods-ttt.release.xcconfig */,
			);
			name = Pods;
			sourceTree = "<group>";
		};
		D958F781200868FC00E3F0C5 /* core */ = {
			isa = PBXGroup;
			children = (
				D9F5CA14206C7CDC00251D3F /* ext */,
				538350EC2063A7C3005DDA8A /* track */,
				D9CCAD18200CBB1100C03276 /* foundation */,
				D958F7832008690800E3F0C5 /* demo */,
				D958F7822008690300E3F0C5 /* ui */,
			);
			path = core;
			sourceTree = "<group>";
		};
		D958F7822008690300E3F0C5 /* ui */ = {
			isa = PBXGroup;
			children = (
				53822F2F20450B18009CDE66 /* layout */,
				D9CCAD0F200C536300C03276 /* router */,
				538F9E91200A47AF006B3A28 /* fetch */,
			);
			path = ui;
			sourceTree = "<group>";
		};
		D958F7832008690800E3F0C5 /* demo */ = {
			isa = PBXGroup;
			children = (
				538350EF2063AC20005DDA8A /* HomePageViewController.swift */,
				53822F3C2047EAC2009CDE66 /* SettingV1Cell.swift */,
				53822F3A2047E766009CDE66 /* CltProfileViewController.swift */,
				53822F2B20440CF6009CDE66 /* CollectionWaterfallLayout */,
				53822F2320440CD5009CDE66 /* CollectViewController.h */,
				53822F2620440CD5009CDE66 /* CollectViewController.m */,
				53822F2420440CD5009CDE66 /* WFHeaderView.h */,
				53822F2220440CD5009CDE66 /* WFHeaderView.m */,
				53822F2520440CD5009CDE66 /* WFHeaderView.xib */,
				D958F78E2008694900E3F0C5 /* DemoListController.swift */,
				D9917D2920089F56003682AD /* Dog.swift */,
				D9917D2B2008AF73003682AD /* DogCell.swift */,
				538F9E8B200A2B41006B3A28 /* DemoRealmController.swift */,
				538F9E8D200A2D9C006B3A28 /* SettingCell.swift */,
				538F9E8F200A2DDE006B3A28 /* SettingNode.swift */,
				D99152D6201836EE00FD8B92 /* ProfileViewController.swift */,
				5386382A2033DB2C00AE4DE6 /* LoginViewController.swift */,
				53822F3620467E16009CDE66 /* SCollectionViewController.swift */,
				5355BF80209ABA9C00C7CAC0 /* DetailViewController.swift */,
				5355BF82209ABFC300C7CAC0 /* DogManager.swift */,
				532F4C9620B29DAA00B1DBCB /* DemoCollectionController.swift */,
			);
			path = demo;
			sourceTree = "<group>";
		};
		D9CCAD0F200C536300C03276 /* router */ = {
			isa = PBXGroup;
			children = (
				D958F7872008694200E3F0C5 /* MMUIController.swift */,
				D9CCAD10200C57B300C03276 /* Navigator.swift */,
				D9CCAD14200C809E00C03276 /* VCNode.swift */,
				D9414060201096CC0050132B /* MMController.swift */,
				D94140622011CCBD0050132B /* MMUITableController.swift */,
				D94140642011DC8E0050132B /* MMUIWebController.swift */,
				53822F382047D474009CDE66 /* MMUICollectionController.swift */,
			);
			path = router;
			sourceTree = "<group>";
		};
		D9CCAD18200CBB1100C03276 /* foundation */ = {
			isa = PBXGroup;
			children = (
				53888949204F80CA00859ED6 /* SMP.swift */,
				D9CCAD19200CBB7900C03276 /* Injects.swift */,
				D9CCAD16200C8F2700C03276 /* Urls.swift */,
				D9414050200F3E3F0050132B /* MMJsonable.swift */,
				D941405A20107C610050132B /* MMTry.h */,
				D941405B20107C610050132B /* MMTry.m */,
				D941405F20107D700050132B /* ttt-Bridging-Header.h */,
				5342EA8C20143B7D00A806B3 /* RPC.swift */,
				D94140662016D6420050132B /* RigidCache.swift */,
				D94140682016F1120050132B /* CycleStack.swift */,
				D941406A201721470050132B /* KeyCycleStack.swift */,
				D9D2AA3B2018A738000B3681 /* Quantum.swift */,
				5388893F204AD85600859ED6 /* BriefRSA.swift */,
				5326877A20983A3A0004F1DF /* Flyweight.swift */,
				5374F93F209C42E60036225E /* DataStore.swift */,
				53B133A2209F2ED900B2A3FD /* LRUCache.swift */,
			);
			path = foundation;
			sourceTree = "<group>";
		};
		D9F5CA14206C7CDC00251D3F /* ext */ = {
			isa = PBXGroup;
			children = (
				D9F5CA15206C7D4900251D3F /* UIViewControllerLoading.swift */,
				D9F5CA17206C9A1600251D3F /* NSObjectTagExt.swift */,
				5374F941209C54530036225E /* StringExt.swift */,
			);
			path = ext;
			sourceTree = "<group>";
		};
		D9FDDBA72008672200A88631 = {
			isa = PBXGroup;
			children = (
				D9FDDBB22008672200A88631 /* ttt */,
				D9FDDBB12008672200A88631 /* Products */,
				C8CA86FA06B9EA82C8B78A6C /* Pods */,
				9CD8BB8DCB33173D4806A84C /* Frameworks */,
			);
			sourceTree = "<group>";
		};
		D9FDDBB12008672200A88631 /* Products */ = {
			isa = PBXGroup;
			children = (
				D9FDDBB02008672200A88631 /* ttt.app */,
			);
			name = Products;
			sourceTree = "<group>";
		};
		D9FDDBB22008672200A88631 /* ttt */ = {
			isa = PBXGroup;
			children = (
				D9CCAD12200C5C4B00C03276 /* page_router.xml */,
				D958F781200868FC00E3F0C5 /* core */,
				D9FDDBB32008672200A88631 /* AppDelegate.swift */,
				D9FDDBB52008672200A88631 /* ViewController.swift */,
				D9FDDBBA2008672200A88631 /* Assets.xcassets */,
				D9FDDBBF2008672200A88631 /* Info.plist */,
			);
			path = ttt;
			sourceTree = "<group>";
		};
/* End PBXGroup section */

/* Begin PBXNativeTarget section */
		D9FDDBAF2008672200A88631 /* ttt */ = {
			isa = PBXNativeTarget;
			buildConfigurationList = D9FDDBC22008672200A88631 /* Build configuration list for PBXNativeTarget "ttt" */;
			buildPhases = (
				69C520892AC97F60B60557F2 /* [CP] Check Pods Manifest.lock */,
				D9FDDBAC2008672200A88631 /* Sources */,
				D9FDDBAD2008672200A88631 /* Frameworks */,
				D9FDDBAE2008672200A88631 /* Resources */,
				D9DA05C448DD850D753D2FE1 /* [CP] Embed Pods Frameworks */,
				CAA5543ADA1DF210C4A94982 /* [CP] Copy Pods Resources */,
			);
			buildRules = (
			);
			dependencies = (
			);
			name = ttt;
			productName = ttt;
			productReference = D9FDDBB02008672200A88631 /* ttt.app */;
			productType = "com.apple.product-type.application";
		};
/* End PBXNativeTarget section */

/* Begin PBXProject section */
		D9FDDBA82008672200A88631 /* Project object */ = {
			isa = PBXProject;
			attributes = {
				LastSwiftUpdateCheck = 0920;
				LastUpgradeCheck = 0920;
				ORGANIZATIONNAME = "MJ Ling";
				TargetAttributes = {
					D9FDDBAF2008672200A88631 = {
						CreatedOnToolsVersion = 9.2;
						LastSwiftMigration = 0920;
						ProvisioningStyle = Automatic;
					};
				};
			};
			buildConfigurationList = D9FDDBAB2008672200A88631 /* Build configuration list for PBXProject "ttt" */;
			compatibilityVersion = "Xcode 8.0";
			developmentRegion = en;
			hasScannedForEncodings = 0;
			knownRegions = (
				en,
				Base,
			);
			mainGroup = D9FDDBA72008672200A88631;
			productRefGroup = D9FDDBB12008672200A88631 /* Products */;
			projectDirPath = "";
			projectRoot = "";
			targets = (
				D9FDDBAF2008672200A88631 /* ttt */,
			);
		};
/* End PBXProject section */

/* Begin PBXResourcesBuildPhase section */
		D9FDDBAE2008672200A88631 /* Resources */ = {
			isa = PBXResourcesBuildPhase;
			buildActionMask = 2147483647;
			files = (
				D9FDDBBB2008672200A88631 /* Assets.xcassets in Resources */,
				D9CCAD13200C5C4B00C03276 /* page_router.xml in Resources */,
				53822F2920440CD5009CDE66 /* WFHeaderView.xib in Resources */,
			);
			runOnlyForDeploymentPostprocessing = 0;
		};
/* End PBXResourcesBuildPhase section */

/* Begin PBXShellScriptBuildPhase section */
		69C520892AC97F60B60557F2 /* [CP] Check Pods Manifest.lock */ = {
			isa = PBXShellScriptBuildPhase;
			buildActionMask = 2147483647;
			files = (
			);
			inputPaths = (
				"${PODS_PODFILE_DIR_PATH}/Podfile.lock",
				"${PODS_ROOT}/Manifest.lock",
			);
			name = "[CP] Check Pods Manifest.lock";
			outputPaths = (
				"$(DERIVED_FILE_DIR)/Pods-ttt-checkManifestLockResult.txt",
			);
			runOnlyForDeploymentPostprocessing = 0;
			shellPath = /bin/sh;
			shellScript = "diff \"${PODS_PODFILE_DIR_PATH}/Podfile.lock\" \"${PODS_ROOT}/Manifest.lock\" > /dev/null\nif [ $? != 0 ] ; then\n    # print error to STDERR\n    echo \"error: The sandbox is not in sync with the Podfile.lock. Run 'pod install' or update your CocoaPods installation.\" >&2\n    exit 1\nfi\n# This output is used by Xcode 'outputs' to avoid re-running this script phase.\necho \"SUCCESS\" > \"${SCRIPT_OUTPUT_FILE_0}\"\n";
			showEnvVarsInLog = 0;
		};
		CAA5543ADA1DF210C4A94982 /* [CP] Copy Pods Resources */ = {
			isa = PBXShellScriptBuildPhase;
			buildActionMask = 2147483647;
			files = (
			);
			inputPaths = (
			);
			name = "[CP] Copy Pods Resources";
			outputPaths = (
			);
			runOnlyForDeploymentPostprocessing = 0;
			shellPath = /bin/sh;
			shellScript = "\"${SRCROOT}/Pods/Target Support Files/Pods-ttt/Pods-ttt-resources.sh\"\n";
			showEnvVarsInLog = 0;
		};
		D9DA05C448DD850D753D2FE1 /* [CP] Embed Pods Frameworks */ = {
			isa = PBXShellScriptBuildPhase;
			buildActionMask = 2147483647;
			files = (
			);
			inputPaths = (
				"${SRCROOT}/Pods/Target Support Files/Pods-ttt/Pods-ttt-frameworks.sh",
				"${BUILT_PRODUCTS_DIR}/Realm/Realm.framework",
				"${BUILT_PRODUCTS_DIR}/RealmSwift/RealmSwift.framework",
			);
			name = "[CP] Embed Pods Frameworks";
			outputPaths = (
				"${TARGET_BUILD_DIR}/${FRAMEWORKS_FOLDER_PATH}/Realm.framework",
				"${TARGET_BUILD_DIR}/${FRAMEWORKS_FOLDER_PATH}/RealmSwift.framework",
			);
			runOnlyForDeploymentPostprocessing = 0;
			shellPath = /bin/sh;
			shellScript = "\"${SRCROOT}/Pods/Target Support Files/Pods-ttt/Pods-ttt-frameworks.sh\"\n";
			showEnvVarsInLog = 0;
		};
/* End PBXShellScriptBuildPhase section */

/* Begin PBXSourcesBuildPhase section */
		D9FDDBAC2008672200A88631 /* Sources */ = {
			isa = PBXSourcesBuildPhase;
			buildActionMask = 2147483647;
			files = (
				53B133A3209F2ED900B2A3FD /* LRUCache.swift in Sources */,
				5386382B2033DB2C00AE4DE6 /* LoginViewController.swift in Sources */,
				D958F78F2008694900E3F0C5 /* DemoListController.swift in Sources */,
				538F9E8E200A2D9C006B3A28 /* SettingCell.swift in Sources */,
				D958F78C2008694200E3F0C5 /* MMUIController.swift in Sources */,
				D941405C20107C610050132B /* MMTry.m in Sources */,
				D9CCAD11200C57B300C03276 /* Navigator.swift in Sources */,
				53822F2E20440D28009CDE66 /* CollectionWaterfallLayout.m in Sources */,
				D9D2AA3C2018A738000B3681 /* Quantum.swift in Sources */,
				D9CCAD15200C809E00C03276 /* VCNode.swift in Sources */,
				D958F78A2008694200E3F0C5 /* MMFetchList.swift in Sources */,
				D958F7892008694200E3F0C5 /* MMFetchRealm.swift in Sources */,
				5355BF81209ABA9C00C7CAC0 /* DetailViewController.swift in Sources */,
				53822F2820440CD5009CDE66 /* WFHeaderView.m in Sources */,
				D9414061201096CC0050132B /* MMController.swift in Sources */,
				538350EE2063A80C005DDA8A /* MMTrack.swift in Sources */,
				D9F5CA16206C7D4900251D3F /* UIViewControllerLoading.swift in Sources */,
				53822F3120450B89009CDE66 /* MMCollectionViewLayout.swift in Sources */,
				D94140692016F1120050132B /* CycleStack.swift in Sources */,
				D99152D7201836EE00FD8B92 /* ProfileViewController.swift in Sources */,
				5326877B20983A3A0004F1DF /* Flyweight.swift in Sources */,
				538F9E90200A2DDE006B3A28 /* SettingNode.swift in Sources */,
				53888940204AD85600859ED6 /* BriefRSA.swift in Sources */,
				5355BF83209ABFC300C7CAC0 /* DogManager.swift in Sources */,
				D9CCAD1A200CBB7900C03276 /* Injects.swift in Sources */,
				D94140672016D6420050132B /* RigidCache.swift in Sources */,
				53822F3D2047EAC2009CDE66 /* SettingV1Cell.swift in Sources */,
				5342EA8D20143B7D00A806B3 /* RPC.swift in Sources */,
				538F9E8C200A2B41006B3A28 /* DemoRealmController.swift in Sources */,
				D94140632011CCBD0050132B /* MMUITableController.swift in Sources */,
				D9CCAD17200C8F2700C03276 /* Urls.swift in Sources */,
				D9917D2A20089F56003682AD /* Dog.swift in Sources */,
				D94140652011DC8E0050132B /* MMUIWebController.swift in Sources */,
				5374F942209C54530036225E /* StringExt.swift in Sources */,
				538350F02063AC20005DDA8A /* HomePageViewController.swift in Sources */,
				53822F3B2047E766009CDE66 /* CltProfileViewController.swift in Sources */,
				D958F78D2008694200E3F0C5 /* MMFetchsController.swift in Sources */,
				53822F2A20440CD5009CDE66 /* CollectViewController.m in Sources */,
				53822F392047D474009CDE66 /* MMUICollectionController.swift in Sources */,
				D941406B201721470050132B /* KeyCycleStack.swift in Sources */,
				53822F3720467E16009CDE66 /* SCollectionViewController.swift in Sources */,
				D9F5CA18206C9A1600251D3F /* NSObjectTagExt.swift in Sources */,
				D9414051200F3E3F0050132B /* MMJsonable.swift in Sources */,
				5388894A204F80CA00859ED6 /* SMP.swift in Sources */,
				D9FDDBB62008672200A88631 /* ViewController.swift in Sources */,
				5374F940209C42E60036225E /* DataStore.swift in Sources */,
				D9917D2C2008AF73003682AD /* DogCell.swift in Sources */,
				532F4C9720B29DAA00B1DBCB /* DemoCollectionController.swift in Sources */,
				D9FDDBB42008672200A88631 /* AppDelegate.swift in Sources */,
			);
			runOnlyForDeploymentPostprocessing = 0;
		};
/* End PBXSourcesBuildPhase section */

/* Begin XCBuildConfiguration section */
		D9FDDBC02008672200A88631 /* Debug */ = {
			isa = XCBuildConfiguration;
			buildSettings = {
				ALWAYS_SEARCH_USER_PATHS = NO;
				CLANG_ANALYZER_NONNULL = YES;
				CLANG_ANALYZER_NUMBER_OBJECT_CONVERSION = YES_AGGRESSIVE;
				CLANG_CXX_LANGUAGE_STANDARD = "gnu++14";
				CLANG_CXX_LIBRARY = "libc++";
				CLANG_ENABLE_MODULES = YES;
				CLANG_ENABLE_OBJC_ARC = YES;
				CLANG_WARN_BLOCK_CAPTURE_AUTORELEASING = YES;
				CLANG_WARN_BOOL_CONVERSION = YES;
				CLANG_WARN_COMMA = YES;
				CLANG_WARN_CONSTANT_CONVERSION = YES;
				CLANG_WARN_DIRECT_OBJC_ISA_USAGE = YES_ERROR;
				CLANG_WARN_DOCUMENTATION_COMMENTS = YES;
				CLANG_WARN_EMPTY_BODY = YES;
				CLANG_WARN_ENUM_CONVERSION = YES;
				CLANG_WARN_INFINITE_RECURSION = YES;
				CLANG_WARN_INT_CONVERSION = YES;
				CLANG_WARN_NON_LITERAL_NULL_CONVERSION = YES;
				CLANG_WARN_OBJC_LITERAL_CONVERSION = YES;
				CLANG_WARN_OBJC_ROOT_CLASS = YES_ERROR;
				CLANG_WARN_RANGE_LOOP_ANALYSIS = YES;
				CLANG_WARN_STRICT_PROTOTYPES = YES;
				CLANG_WARN_SUSPICIOUS_MOVE = YES;
				CLANG_WARN_UNGUARDED_AVAILABILITY = YES_AGGRESSIVE;
				CLANG_WARN_UNREACHABLE_CODE = YES;
				CLANG_WARN__DUPLICATE_METHOD_MATCH = YES;
				CODE_SIGN_IDENTITY = "iPhone Developer";
				COPY_PHASE_STRIP = NO;
				DEBUG_INFORMATION_FORMAT = dwarf;
				ENABLE_STRICT_OBJC_MSGSEND = YES;
				ENABLE_TESTABILITY = YES;
				GCC_C_LANGUAGE_STANDARD = gnu11;
				GCC_DYNAMIC_NO_PIC = NO;
				GCC_NO_COMMON_BLOCKS = YES;
				GCC_OPTIMIZATION_LEVEL = 0;
				GCC_PREPROCESSOR_DEFINITIONS = (
					"DEBUG=1",
					"$(inherited)",
				);
				GCC_WARN_64_TO_32_BIT_CONVERSION = YES;
				GCC_WARN_ABOUT_RETURN_TYPE = YES_ERROR;
				GCC_WARN_UNDECLARED_SELECTOR = YES;
				GCC_WARN_UNINITIALIZED_AUTOS = YES_AGGRESSIVE;
				GCC_WARN_UNUSED_FUNCTION = YES;
				GCC_WARN_UNUSED_VARIABLE = YES;
				IPHONEOS_DEPLOYMENT_TARGET = 11.2;
				MTL_ENABLE_DEBUG_INFO = YES;
				ONLY_ACTIVE_ARCH = YES;
				SDKROOT = iphoneos;
				SWIFT_ACTIVE_COMPILATION_CONDITIONS = DEBUG;
				SWIFT_OPTIMIZATION_LEVEL = "-Onone";
			};
			name = Debug;
		};
		D9FDDBC12008672200A88631 /* Release */ = {
			isa = XCBuildConfiguration;
			buildSettings = {
				ALWAYS_SEARCH_USER_PATHS = NO;
				CLANG_ANALYZER_NONNULL = YES;
				CLANG_ANALYZER_NUMBER_OBJECT_CONVERSION = YES_AGGRESSIVE;
				CLANG_CXX_LANGUAGE_STANDARD = "gnu++14";
				CLANG_CXX_LIBRARY = "libc++";
				CLANG_ENABLE_MODULES = YES;
				CLANG_ENABLE_OBJC_ARC = YES;
				CLANG_WARN_BLOCK_CAPTURE_AUTORELEASING = YES;
				CLANG_WARN_BOOL_CONVERSION = YES;
				CLANG_WARN_COMMA = YES;
				CLANG_WARN_CONSTANT_CONVERSION = YES;
				CLANG_WARN_DIRECT_OBJC_ISA_USAGE = YES_ERROR;
				CLANG_WARN_DOCUMENTATION_COMMENTS = YES;
				CLANG_WARN_EMPTY_BODY = YES;
				CLANG_WARN_ENUM_CONVERSION = YES;
				CLANG_WARN_INFINITE_RECURSION = YES;
				CLANG_WARN_INT_CONVERSION = YES;
				CLANG_WARN_NON_LITERAL_NULL_CONVERSION = YES;
				CLANG_WARN_OBJC_LITERAL_CONVERSION = YES;
				CLANG_WARN_OBJC_ROOT_CLASS = YES_ERROR;
				CLANG_WARN_RANGE_LOOP_ANALYSIS = YES;
				CLANG_WARN_STRICT_PROTOTYPES = YES;
				CLANG_WARN_SUSPICIOUS_MOVE = YES;
				CLANG_WARN_UNGUARDED_AVAILABILITY = YES_AGGRESSIVE;
				CLANG_WARN_UNREACHABLE_CODE = YES;
				CLANG_WARN__DUPLICATE_METHOD_MATCH = YES;
				CODE_SIGN_IDENTITY = "iPhone Developer";
				COPY_PHASE_STRIP = NO;
				DEBUG_INFORMATION_FORMAT = "dwarf-with-dsym";
				ENABLE_NS_ASSERTIONS = NO;
				ENABLE_STRICT_OBJC_MSGSEND = YES;
				GCC_C_LANGUAGE_STANDARD = gnu11;
				GCC_NO_COMMON_BLOCKS = YES;
				GCC_WARN_64_TO_32_BIT_CONVERSION = YES;
				GCC_WARN_ABOUT_RETURN_TYPE = YES_ERROR;
				GCC_WARN_UNDECLARED_SELECTOR = YES;
				GCC_WARN_UNINITIALIZED_AUTOS = YES_AGGRESSIVE;
				GCC_WARN_UNUSED_FUNCTION = YES;
				GCC_WARN_UNUSED_VARIABLE = YES;
				IPHONEOS_DEPLOYMENT_TARGET = 11.2;
				MTL_ENABLE_DEBUG_INFO = NO;
				SDKROOT = iphoneos;
				SWIFT_OPTIMIZATION_LEVEL = "-Owholemodule";
				VALIDATE_PRODUCT = YES;
			};
			name = Release;
		};
		D9FDDBC32008672200A88631 /* Debug */ = {
			isa = XCBuildConfiguration;
			baseConfigurationReference = 91BE48983675DDBC97B96407 /* Pods-ttt.debug.xcconfig */;
			buildSettings = {
				ASSETCATALOG_COMPILER_APPICON_NAME = AppIcon;
				CLANG_ENABLE_MODULES = YES;
				CODE_SIGN_STYLE = Automatic;
				DEFINES_MODULE = YES;
				DEVELOPMENT_TEAM = MGL332UAE8;
				INFOPLIST_FILE = ttt/Info.plist;
				IPHONEOS_DEPLOYMENT_TARGET = 8.1;
				LD_RUNPATH_SEARCH_PATHS = "$(inherited) @executable_path/Frameworks";
				PRODUCT_BUNDLE_IDENTIFIER = ssn.ttt;
				PRODUCT_NAME = "$(TARGET_NAME)";
				SWIFT_OBJC_BRIDGING_HEADER = "ttt/core/foundation/ttt-Bridging-Header.h";
				SWIFT_OPTIMIZATION_LEVEL = "-Onone";
				SWIFT_VERSION = 4.0;
				TARGETED_DEVICE_FAMILY = 1;
				USER_HEADER_SEARCH_PATHS = "$(PODS_ROOT)/**";
			};
			name = Debug;
		};
		D9FDDBC42008672200A88631 /* Release */ = {
			isa = XCBuildConfiguration;
			baseConfigurationReference = 358FAD53CC2AD532340D1967 /* Pods-ttt.release.xcconfig */;
			buildSettings = {
				ASSETCATALOG_COMPILER_APPICON_NAME = AppIcon;
				CLANG_ENABLE_MODULES = YES;
				CODE_SIGN_STYLE = Automatic;
				DEFINES_MODULE = YES;
				DEVELOPMENT_TEAM = MGL332UAE8;
				INFOPLIST_FILE = ttt/Info.plist;
				IPHONEOS_DEPLOYMENT_TARGET = 8.1;
				LD_RUNPATH_SEARCH_PATHS = "$(inherited) @executable_path/Frameworks";
				PRODUCT_BUNDLE_IDENTIFIER = ssn.ttt;
				PRODUCT_NAME = "$(TARGET_NAME)";
				SWIFT_OBJC_BRIDGING_HEADER = "ttt/core/foundation/ttt-Bridging-Header.h";
				SWIFT_VERSION = 4.0;
				TARGETED_DEVICE_FAMILY = 1;
				USER_HEADER_SEARCH_PATHS = "$(PODS_ROOT)/**";
			};
			name = Release;
		};
/* End XCBuildConfiguration section */

/* Begin XCConfigurationList section */
		D9FDDBAB2008672200A88631 /* Build configuration list for PBXProject "ttt" */ = {
			isa = XCConfigurationList;
			buildConfigurations = (
				D9FDDBC02008672200A88631 /* Debug */,
				D9FDDBC12008672200A88631 /* Release */,
			);
			defaultConfigurationIsVisible = 0;
			defaultConfigurationName = Release;
		};
		D9FDDBC22008672200A88631 /* Build configuration list for PBXNativeTarget "ttt" */ = {
			isa = XCConfigurationList;
			buildConfigurations = (
				D9FDDBC32008672200A88631 /* Debug */,
				D9FDDBC42008672200A88631 /* Release */,
			);
			defaultConfigurationIsVisible = 0;
			defaultConfigurationName = Release;
		};
/* End XCConfigurationList section */
	};
	rootObject = D9FDDBA82008672200A88631 /* Project object */;
}
